
Microsoft Visual Studio Solution File, Format Version 12.00
# Visual Studio Version 17
VisualStudioVersion = 17.6.33815.320
MinimumVisualStudioVersion = 10.0.40219.1
Project("{FAE04EC0-301F-11D3-BF4B-00C04F79EFBC}") = "ConsumerAzureServiceBusMS", "ConsumerAzureServiceBusMS\ConsumerAzureServiceBusMS.csproj", "{AAFDC578-5BF5-4B9E-82DB-680FDA95F713}"
EndProject
Project("{9A19103F-16F7-4668-BE54-9A1E7A4F7556}") = "SubmitTest", "..\..\Mensageria\SubmitTest\SubmitTest\SubmitTest.csproj", "{CCAD1845-DE17-45AD-8447-2D85D76F73AB}"
EndProject
Global
	GlobalSection(SolutionConfigurationPlatforms) = preSolution
		Debug|Any CPU = Debug|Any CPU
		Release|Any CPU = Release|Any CPU
	EndGlobalSection
	GlobalSection(ProjectConfigurationPlatforms) = postSolution
		{AAFDC578-5BF5-4B9E-82DB-680FDA95F713}.Debug|Any CPU.ActiveCfg = Debug|Any CPU
		{AAFDC578-5BF5-4B9E-82DB-680FDA95F713}.Debug|Any CPU.Build.0 = Debug|Any CPU
		{AAFDC578-5BF5-4B9E-82DB-680FDA95F713}.Release|Any CPU.ActiveCfg = Release|Any CPU
		{AAFDC578-5BF5-4B9E-82DB-680FDA95F713}.Release|Any CPU.Build.0 = Release|Any CPU
		{CCAD1845-DE17-45AD-8447-2D85D76F73AB}.Debug|Any CPU.ActiveCfg = Debug|Any CPU
		{CCAD1845-DE17-45AD-8447-2D85D76F73AB}.Debug|Any CPU.Build.0 = Debug|Any CPU
		{CCAD1845-DE17-45AD-8447-2D85D76F73AB}.Release|Any CPU.ActiveCfg = Release|Any CPU
		{CCAD1845-DE17-45AD-8447-2D85D76F73AB}.Release|Any CPU.Build.0 = Release|Any CPU
	EndGlobalSection
	GlobalSection(SolutionProperties) = preSolution
		HideSolutionNode = FALSE
	EndGlobalSection
	GlobalSection(ExtensibilityGlobals) = postSolution
		SolutionGuid = {89273270-BA09-47E0-B757-42E6E0D3EE3D}
	EndGlobalSection
EndGlobal
