
Microsoft Visual Studio Solution File, Format Version 12.00
# Visual Studio Version 17
VisualStudioVersion = 17.6.33815.320
MinimumVisualStudioVersion = 10.0.40219.1
Project("{9A19103F-16F7-4668-BE54-9A1E7A4F7556}") = "ProducerAzureServiceBusMS", "ProducerAzureServiceBusMS\ProducerAzureServiceBusMS.csproj", "{07744724-5709-420E-BB4D-06DAE01EEF43}"
EndProject
Project("{9A19103F-16F7-4668-BE54-9A1E7A4F7556}") = "SubmitTest", "..\SubmitTest\SubmitTest\SubmitTest.csproj", "{12F8632C-F9C7-4F66-A2BB-834767ED8FE6}"
EndProject
Global
	GlobalSection(SolutionConfigurationPlatforms) = preSolution
		Debug|Any CPU = Debug|Any CPU
		Release|Any CPU = Release|Any CPU
	EndGlobalSection
	GlobalSection(ProjectConfigurationPlatforms) = postSolution
		{07744724-5709-420E-BB4D-06DAE01EEF43}.Debug|Any CPU.ActiveCfg = Debug|Any CPU
		{07744724-5709-420E-BB4D-06DAE01EEF43}.Debug|Any CPU.Build.0 = Debug|Any CPU
		{07744724-5709-420E-BB4D-06DAE01EEF43}.Release|Any CPU.ActiveCfg = Release|Any CPU
		{07744724-5709-420E-BB4D-06DAE01EEF43}.Release|Any CPU.Build.0 = Release|Any CPU
		{12F8632C-F9C7-4F66-A2BB-834767ED8FE6}.Debug|Any CPU.ActiveCfg = Debug|Any CPU
		{12F8632C-F9C7-4F66-A2BB-834767ED8FE6}.Debug|Any CPU.Build.0 = Debug|Any CPU
		{12F8632C-F9C7-4F66-A2BB-834767ED8FE6}.Release|Any CPU.ActiveCfg = Release|Any CPU
		{12F8632C-F9C7-4F66-A2BB-834767ED8FE6}.Release|Any CPU.Build.0 = Release|Any CPU
	EndGlobalSection
	GlobalSection(SolutionProperties) = preSolution
		HideSolutionNode = FALSE
	EndGlobalSection
	GlobalSection(ExtensibilityGlobals) = postSolution
		SolutionGuid = {12BD62B2-913E-4EC2-B0E6-EC2920ACD878}
	EndGlobalSection
EndGlobal
